
Microsoft Visual Studio Solution File, Format Version 12.00
# Visual Studio Version 17
VisualStudioVersion = 17.3.32929.385
MinimumVisualStudioVersion = 10.0.40219.1
Project("{FAE04EC0-301F-11D3-BF4B-00C04F79EFBC}") = "CheckTaglist", "CheckTaglist.csproj", "{10A9FBC7-B927-4569-B474-F7B05E400A26}"
EndProject
Global
	GlobalSection(SolutionConfigurationPlatforms) = preSolution
		Debug|Any CPU = Debug|Any CPU
		Release|Any CPU = Release|Any CPU
	EndGlobalSection
	GlobalSection(ProjectConfigurationPlatforms) = postSolution
		{10A9FBC7-B927-4569-B474-F7B05E400A26}.Debug|Any CPU.ActiveCfg = Debug|Any CPU
		{10A9FBC7-B927-4569-B474-F7B05E400A26}.Debug|Any CPU.Build.0 = Debug|Any CPU
		{10A9FBC7-B927-4569-B474-F7B05E400A26}.Release|Any CPU.ActiveCfg = Release|Any CPU
		{10A9FBC7-B927-4569-B474-F7B05E400A26}.Release|Any CPU.Build.0 = Release|Any CPU
	EndGlobalSection
	GlobalSection(SolutionProperties) = preSolution
		HideSolutionNode = FALSE
	EndGlobalSection
	GlobalSection(ExtensibilityGlobals) = postSolution
		SolutionGuid = {694125B4-0613-4B3C-B758-0183CB80460E}
	EndGlobalSection
EndGlobal
